
Microsoft Visual Studio Solution File, Format Version 12.00
# Visual Studio Version 16
VisualStudioVersion = 16.0.30503.244
MinimumVisualStudioVersion = 10.0.40219.1
Project("{FAE04EC0-301F-11D3-BF4B-00C04F79EFBC}") = "SPZ7", "SPZ7\SPZ7.csproj", "{4A67E7CA-E509-4F9A-ACDF-36100DF78BFF}"
EndProject
Global
	GlobalSection(SolutionConfigurationPlatforms) = preSolution
		Debug|Any CPU = Debug|Any CPU
		Release|Any CPU = Release|Any CPU
	EndGlobalSection
	GlobalSection(ProjectConfigurationPlatforms) = postSolution
		{4A67E7CA-E509-4F9A-ACDF-36100DF78BFF}.Debug|Any CPU.ActiveCfg = Debug|Any CPU
		{4A67E7CA-E509-4F9A-ACDF-36100DF78BFF}.Debug|Any CPU.Build.0 = Debug|Any CPU
		{4A67E7CA-E509-4F9A-ACDF-36100DF78BFF}.Release|Any CPU.ActiveCfg = Release|Any CPU
		{4A67E7CA-E509-4F9A-ACDF-36100DF78BFF}.Release|Any CPU.Build.0 = Release|Any CPU
	EndGlobalSection
	GlobalSection(SolutionProperties) = preSolution
		HideSolutionNode = FALSE
	EndGlobalSection
	GlobalSection(ExtensibilityGlobals) = postSolution
		SolutionGuid = {1981A79A-C8D0-4BC1-BF6B-8CD49B679E3C}
	EndGlobalSection
EndGlobal
